
Microsoft Visual Studio Solution File, Format Version 12.00
# Visual Studio Version 17
VisualStudioVersion = 17.0.31903.59
MinimumVisualStudioVersion = 10.0.40219.1
Project("{2150E333-8FDC-42A3-9474-1A3956D46DE8}") = "src", "src", "{394ACD55-6B4D-4348-9449-C0E6A0A5D1DF}"
EndProject
Project("{FAE04EC0-301F-11D3-BF4B-00C04F79EFBC}") = "LiveSplit.Title", "src\LiveSplit.Title\LiveSplit.Title.csproj", "{3D60590D-0F8E-49C6-A087-68508FFF21FE}"
EndProject
Global
	GlobalSection(SolutionConfigurationPlatforms) = preSolution
		Debug|Any CPU = Debug|Any CPU
		Release|Any CPU = Release|Any CPU
	EndGlobalSection
	GlobalSection(SolutionProperties) = preSolution
		HideSolutionNode = FALSE
	EndGlobalSection
	GlobalSection(ProjectConfigurationPlatforms) = postSolution
		{3D60590D-0F8E-49C6-A087-68508FFF21FE}.Debug|Any CPU.ActiveCfg = Debug|Any CPU
		{3D60590D-0F8E-49C6-A087-68508FFF21FE}.Debug|Any CPU.Build.0 = Debug|Any CPU
		{3D60590D-0F8E-49C6-A087-68508FFF21FE}.Release|Any CPU.ActiveCfg = Release|Any CPU
		{3D60590D-0F8E-49C6-A087-68508FFF21FE}.Release|Any CPU.Build.0 = Release|Any CPU
	EndGlobalSection
	GlobalSection(NestedProjects) = preSolution
		{3D60590D-0F8E-49C6-A087-68508FFF21FE} = {394ACD55-6B4D-4348-9449-C0E6A0A5D1DF}
	EndGlobalSection
EndGlobal
